
Microsoft Visual Studio Solution File, Format Version 12.00
# Visual Studio Version 17
VisualStudioVersion = 17.0.31903.59
MinimumVisualStudioVersion = 10.0.40219.1
Project("{FAE04EC0-301F-11D3-BF4B-00C04F79EFBC}") = "API", "API\API.csproj", "{63FA279E-B9DE-4BDB-B274-4641C2D92F79}"
EndProject
Global
	GlobalSection(SolutionConfigurationPlatforms) = preSolution
		Debug|Any CPU = Debug|Any CPU
		Release|Any CPU = Release|Any CPU
	EndGlobalSection
	GlobalSection(ProjectConfigurationPlatforms) = postSolution
		{63FA279E-B9DE-4BDB-B274-4641C2D92F79}.Debug|Any CPU.ActiveCfg = Debug|Any CPU
		{63FA279E-B9DE-4BDB-B274-4641C2D92F79}.Debug|Any CPU.Build.0 = Debug|Any CPU
		{63FA279E-B9DE-4BDB-B274-4641C2D92F79}.Release|Any CPU.ActiveCfg = Release|Any CPU
		{63FA279E-B9DE-4BDB-B274-4641C2D92F79}.Release|Any CPU.Build.0 = Release|Any CPU
	EndGlobalSection
	GlobalSection(SolutionProperties) = preSolution
		HideSolutionNode = FALSE
	EndGlobalSection
	GlobalSection(ExtensibilityGlobals) = postSolution
		SolutionGuid = {E2FC7B1B-AD4A-4A47-A2BE-222EDAA6C2FE}
	EndGlobalSection
EndGlobal
